
Microsoft Visual Studio Solution File, Format Version 12.00
# Visual Studio Version 16
VisualStudioVersion = 16.0.28803.452
MinimumVisualStudioVersion = 10.0.40219.1
Project("{FAE04EC0-301F-11D3-BF4B-00C04F79EFBC}") = "WindowsFormsApp1", "WindowsFormsApp1\WindowsFormsApp1.csproj", "{C5B8DA04-4C34-459C-95E0-08309A6D97A8}"
EndProject
Global
	GlobalSection(SolutionConfigurationPlatforms) = preSolution
		Debug|Any CPU = Debug|Any CPU
		Release|Any CPU = Release|Any CPU
	EndGlobalSection
	GlobalSection(ProjectConfigurationPlatforms) = postSolution
		{C5B8DA04-4C34-459C-95E0-08309A6D97A8}.Debug|Any CPU.ActiveCfg = Debug|Any CPU
		{C5B8DA04-4C34-459C-95E0-08309A6D97A8}.Debug|Any CPU.Build.0 = Debug|Any CPU
		{C5B8DA04-4C34-459C-95E0-08309A6D97A8}.Release|Any CPU.ActiveCfg = Release|Any CPU
		{C5B8DA04-4C34-459C-95E0-08309A6D97A8}.Release|Any CPU.Build.0 = Release|Any CPU
	EndGlobalSection
	GlobalSection(SolutionProperties) = preSolution
		HideSolutionNode = FALSE
	EndGlobalSection
	GlobalSection(ExtensibilityGlobals) = postSolution
		SolutionGuid = {2B0817F1-7CE0-455C-9DB5-4CDFBFF65E3A}
	EndGlobalSection
EndGlobal
