
Microsoft Visual Studio Solution File, Format Version 12.00
# Visual Studio Version 16
VisualStudioVersion = 16.0.28803.452
MinimumVisualStudioVersion = 10.0.40219.1
Project("{FAE04EC0-301F-11D3-BF4B-00C04F79EFBC}") = "TemperatureConversion", "TemperatureConversion\TemperatureConversion.csproj", "{33281F2C-90E7-4E00-A157-FF62208A8892}"
EndProject
Global
	GlobalSection(SolutionConfigurationPlatforms) = preSolution
		Debug|Any CPU = Debug|Any CPU
		Release|Any CPU = Release|Any CPU
	EndGlobalSection
	GlobalSection(ProjectConfigurationPlatforms) = postSolution
		{33281F2C-90E7-4E00-A157-FF62208A8892}.Debug|Any CPU.ActiveCfg = Debug|Any CPU
		{33281F2C-90E7-4E00-A157-FF62208A8892}.Debug|Any CPU.Build.0 = Debug|Any CPU
		{33281F2C-90E7-4E00-A157-FF62208A8892}.Release|Any CPU.ActiveCfg = Release|Any CPU
		{33281F2C-90E7-4E00-A157-FF62208A8892}.Release|Any CPU.Build.0 = Release|Any CPU
	EndGlobalSection
	GlobalSection(SolutionProperties) = preSolution
		HideSolutionNode = FALSE
	EndGlobalSection
	GlobalSection(ExtensibilityGlobals) = postSolution
		SolutionGuid = {E98230F0-C43B-4376-BE2E-DF511FFC8AE0}
	EndGlobalSection
EndGlobal
