
Microsoft Visual Studio Solution File, Format Version 12.00
# Visual Studio Version 16
VisualStudioVersion = 16.0.28803.452
MinimumVisualStudioVersion = 10.0.40219.1
Project("{FAE04EC0-301F-11D3-BF4B-00C04F79EFBC}") = "Gui Printer", "Gui Printer\Gui Printer.csproj", "{4E8CBDFC-C122-4454-9077-327D7EA4BA36}"
EndProject
Global
	GlobalSection(SolutionConfigurationPlatforms) = preSolution
		Debug|Any CPU = Debug|Any CPU
		Release|Any CPU = Release|Any CPU
	EndGlobalSection
	GlobalSection(ProjectConfigurationPlatforms) = postSolution
		{4E8CBDFC-C122-4454-9077-327D7EA4BA36}.Debug|Any CPU.ActiveCfg = Debug|Any CPU
		{4E8CBDFC-C122-4454-9077-327D7EA4BA36}.Debug|Any CPU.Build.0 = Debug|Any CPU
		{4E8CBDFC-C122-4454-9077-327D7EA4BA36}.Release|Any CPU.ActiveCfg = Release|Any CPU
		{4E8CBDFC-C122-4454-9077-327D7EA4BA36}.Release|Any CPU.Build.0 = Release|Any CPU
	EndGlobalSection
	GlobalSection(SolutionProperties) = preSolution
		HideSolutionNode = FALSE
	EndGlobalSection
	GlobalSection(ExtensibilityGlobals) = postSolution
		SolutionGuid = {1492294C-C366-4904-9D04-F62ED9163CF1}
	EndGlobalSection
EndGlobal
